
Microsoft Visual Studio Solution File, Format Version 12.00
# Visual Studio Version 16
VisualStudioVersion = 16.0.29306.81
MinimumVisualStudioVersion = 10.0.40219.1
Project("{FAE04EC0-301F-11D3-BF4B-00C04F79EFBC}") = "Project 2", "Project 2\Project 2.csproj", "{C86481C8-A7D6-44D9-A52E-C3ADBDF3563E}"
EndProject
Global
	GlobalSection(SolutionConfigurationPlatforms) = preSolution
		Debug|Any CPU = Debug|Any CPU
		Release|Any CPU = Release|Any CPU
	EndGlobalSection
	GlobalSection(ProjectConfigurationPlatforms) = postSolution
		{C86481C8-A7D6-44D9-A52E-C3ADBDF3563E}.Debug|Any CPU.ActiveCfg = Debug|Any CPU
		{C86481C8-A7D6-44D9-A52E-C3ADBDF3563E}.Debug|Any CPU.Build.0 = Debug|Any CPU
		{C86481C8-A7D6-44D9-A52E-C3ADBDF3563E}.Release|Any CPU.ActiveCfg = Release|Any CPU
		{C86481C8-A7D6-44D9-A52E-C3ADBDF3563E}.Release|Any CPU.Build.0 = Release|Any CPU
	EndGlobalSection
	GlobalSection(SolutionProperties) = preSolution
		HideSolutionNode = FALSE
	EndGlobalSection
	GlobalSection(ExtensibilityGlobals) = postSolution
		SolutionGuid = {1CF779C3-E7CA-48A4-A99A-39724EE4B197}
	EndGlobalSection
EndGlobal
